
Microsoft Visual Studio Solution File, Format Version 12.00
# Visual Studio Version 17
VisualStudioVersion = 17.10.34928.147
MinimumVisualStudioVersion = 10.0.40219.1
Project("{FAE04EC0-301F-11D3-BF4B-00C04F79EFBC}") = "PassworsChecker", "PassworsChecker\PassworsChecker.csproj", "{DB3837EC-AA99-4CB7-A495-64DC1F901E8C}"
EndProject
Global
	GlobalSection(SolutionConfigurationPlatforms) = preSolution
		Debug|Any CPU = Debug|Any CPU
		Release|Any CPU = Release|Any CPU
	EndGlobalSection
	GlobalSection(ProjectConfigurationPlatforms) = postSolution
		{DB3837EC-AA99-4CB7-A495-64DC1F901E8C}.Debug|Any CPU.ActiveCfg = Debug|Any CPU
		{DB3837EC-AA99-4CB7-A495-64DC1F901E8C}.Debug|Any CPU.Build.0 = Debug|Any CPU
		{DB3837EC-AA99-4CB7-A495-64DC1F901E8C}.Release|Any CPU.ActiveCfg = Release|Any CPU
		{DB3837EC-AA99-4CB7-A495-64DC1F901E8C}.Release|Any CPU.Build.0 = Release|Any CPU
	EndGlobalSection
	GlobalSection(SolutionProperties) = preSolution
		HideSolutionNode = FALSE
	EndGlobalSection
	GlobalSection(ExtensibilityGlobals) = postSolution
		SolutionGuid = {B4021E9B-717C-4F5E-B7EA-2D20C978F7CA}
	EndGlobalSection
EndGlobal
